# This file is generated by running "yarn install" inside your project.
# Manual changes might be lost - proceed with caution!

__metadata:
  version: 8
  cacheKey: 10c0

"@captive/commitlint-config@npm:2.1.15":
  version: 2.1.15
  resolution: "@captive/commitlint-config@npm:2.1.15"
  dependencies:
    "@w5s/commitlint-config": "npm:^2.0.0"
  peerDependencies:
    "@commitlint/cli": ^16.0.0 || ^17.0.0 || ^18.0.0 || ^19.0.0
  peerDependenciesMeta:
    "@commitlint/cli":
      optional: true
  checksum: 10c0/3432c4c4718e3fa0798fce115ab8750502e8ae0f441dc0c900c794419e3f0a4ac56ccfc3e00db17360db5d72baf7f19c2ab21518128f97d736a98b514192fd28
  languageName: node
  linkType: hard

"@commitlint/types@npm:^19.0.0":
  version: 19.8.1
  resolution: "@commitlint/types@npm:19.8.1"
  dependencies:
    "@types/conventional-commits-parser": "npm:^5.0.0"
    chalk: "npm:^5.3.0"
  checksum: 10c0/0507db111d1ffd7b60e7ad979b7f9e674d409fc4c64561dfe30737b2c5bfefca7a1b58116106fa4ecb480059cecb13f04fa18f999d2d4a7d665b5ab13a05a803
  languageName: node
  linkType: hard

"@types/conventional-commits-parser@npm:^5.0.0":
  version: 5.0.2
  resolution: "@types/conventional-commits-parser@npm:5.0.2"
  dependencies:
    "@types/node": "npm:*"
  checksum: 10c0/598af5a5d699490e8bdd53b59757b514e41791cc7c857c45ed1d4ea50b90e7e5e64f59cd7f50da2c7d7c2d03ca0f1f865c6fe1a46065401b2dbf2e93645c4283
  languageName: node
  linkType: hard

"@types/node@npm:*":
  version: 24.9.1
  resolution: "@types/node@npm:24.9.1"
  dependencies:
    undici-types: "npm:~7.16.0"
  checksum: 10c0/c52f8168080ef9a7c3dc23d8ac6061fab5371aad89231a0f6f4c075869bc3de7e89b075b1f3e3171d9e5143d0dda1807c3dab8e32eac6d68f02e7480e7e78576
  languageName: node
  linkType: hard

"@w5s/commitlint-config@npm:^2.0.0":
  version: 2.1.12
  resolution: "@w5s/commitlint-config@npm:2.1.12"
  dependencies:
    "@commitlint/types": "npm:^19.0.0"
    "@w5s/conventional-changelog": "npm:^2.2.5"
  peerDependencies:
    "@commitlint/cli": ^16.0.0 || ^17.0.0 || ^18.0.0 || ^19.0.0
  peerDependenciesMeta:
    "@commitlint/cli":
      optional: true
  checksum: 10c0/f227105eb2a8a6dc6d82c66b8ca1bf3a35de0225ae5a998bacc7bf9da8748c95a64d0851c576c5182c14e8e0a5c8b19c3af33d034a412bebd7193792c222abb4
  languageName: node
  linkType: hard

"@w5s/conventional-changelog@npm:^2.2.5":
  version: 2.2.5
  resolution: "@w5s/conventional-changelog@npm:2.2.5"
  dependencies:
    "@commitlint/types": "npm:^19.0.0"
    emoji-regex: "npm:^10.2.1"
    gitmojis: "npm:^3.13.4"
  checksum: 10c0/7c3088c50126ce65e623bff948fd70b6818123e962b840732776d93ef6a7464e52c81a70eab62e5bb00f0c8f19bf31fb20e2f7737a9cc28a61e1a706270efaad
  languageName: node
  linkType: hard

"ansi-styles@npm:^6.2.1":
  version: 6.2.3
  resolution: "ansi-styles@npm:6.2.3"
  checksum: 10c0/23b8a4ce14e18fb854693b95351e286b771d23d8844057ed2e7d083cd3e708376c3323707ec6a24365f7d7eda3ca00327fe04092e29e551499ec4c8b7bfac868
  languageName: node
  linkType: hard

"chalk@npm:^5.3.0":
  version: 5.6.2
  resolution: "chalk@npm:5.6.2"
  checksum: 10c0/99a4b0f0e7991796b1e7e3f52dceb9137cae2a9dfc8fc0784a550dc4c558e15ab32ed70b14b21b52beb2679b4892b41a0aa44249bcb996f01e125d58477c6976
  languageName: node
  linkType: hard

"cross-spawn@npm:^7.0.6":
  version: 7.0.6
  resolution: "cross-spawn@npm:7.0.6"
  dependencies:
    path-key: "npm:^3.1.0"
    shebang-command: "npm:^2.0.0"
    which: "npm:^2.0.1"
  checksum: 10c0/053ea8b2135caff68a9e81470e845613e374e7309a47731e81639de3eaeb90c3d01af0e0b44d2ab9d50b43467223b88567dfeb3262db942dc063b9976718ffc1
  languageName: node
  linkType: hard

"emoji-regex@npm:^10.2.1":
  version: 10.6.0
  resolution: "emoji-regex@npm:10.6.0"
  checksum: 10c0/1e4aa097bb007301c3b4b1913879ae27327fdc48e93eeefefe3b87e495eb33c5af155300be951b4349ff6ac084f4403dc9eff970acba7c1c572d89396a9a32d7
  languageName: node
  linkType: hard

"gitmojis@npm:^3.13.4":
  version: 3.15.0
  resolution: "gitmojis@npm:3.15.0"
  checksum: 10c0/87b3dfd803556f3ae7e96c9130acd132a13a6695bbd7e6c32a582844f43002e70668e88b7e71ac51f9b45765468fd535bd29fb01c8593204f03398bf7b6934a5
  languageName: node
  linkType: hard

"isexe@npm:^2.0.0":
  version: 2.0.0
  resolution: "isexe@npm:2.0.0"
  checksum: 10c0/228cfa503fadc2c31596ab06ed6aa82c9976eec2bfd83397e7eaf06d0ccf42cd1dfd6743bf9aeb01aebd4156d009994c5f76ea898d2832c1fe342da923ca457d
  languageName: node
  linkType: hard

"isexe@npm:^3.1.1":
  version: 3.1.1
  resolution: "isexe@npm:3.1.1"
  checksum: 10c0/9ec257654093443eb0a528a9c8cbba9c0ca7616ccb40abd6dde7202734d96bb86e4ac0d764f0f8cd965856aacbff2f4ce23e730dc19dfb41e3b0d865ca6fdcc7
  languageName: node
  linkType: hard

"json-parse-even-better-errors@npm:^4.0.0":
  version: 4.0.0
  resolution: "json-parse-even-better-errors@npm:4.0.0"
  checksum: 10c0/84cd9304a97e8fb2af3937bf53acb91c026aeb859703c332684e688ea60db27fc2242aa532a84e1883fdcbe1e5c1fb57c2bef38e312021aa1cd300defc63cf16
  languageName: node
  linkType: hard

"memorystream@npm:^0.3.1":
  version: 0.3.1
  resolution: "memorystream@npm:0.3.1"
  checksum: 10c0/4bd164657711d9747ff5edb0508b2944414da3464b7fe21ac5c67cf35bba975c4b446a0124bd0f9a8be54cfc18faf92e92bd77563a20328b1ccf2ff04e9f39b9
  languageName: node
  linkType: hard

"npm-normalize-package-bin@npm:^4.0.0":
  version: 4.0.0
  resolution: "npm-normalize-package-bin@npm:4.0.0"
  checksum: 10c0/1fa546fcae8eaab61ef9b9ec237b6c795008da50e1883eae030e9e38bb04ffa32c5aabcef9a0400eae3dc1f91809bcfa85e437ce80d677c69b419d1d9cacf0ab
  languageName: node
  linkType: hard

"npm-run-all2@npm:8.0.4":
  version: 8.0.4
  resolution: "npm-run-all2@npm:8.0.4"
  dependencies:
    ansi-styles: "npm:^6.2.1"
    cross-spawn: "npm:^7.0.6"
    memorystream: "npm:^0.3.1"
    picomatch: "npm:^4.0.2"
    pidtree: "npm:^0.6.0"
    read-package-json-fast: "npm:^4.0.0"
    shell-quote: "npm:^1.7.3"
    which: "npm:^5.0.0"
  bin:
    npm-run-all: bin/npm-run-all/index.js
    npm-run-all2: bin/npm-run-all/index.js
    run-p: bin/run-p/index.js
    run-s: bin/run-s/index.js
  checksum: 10c0/cfc2987df224e55456629301991b5fa6980cc644d1836fe3c22d74a4508512737d30389795b759bb5d659103e54281c59741ecdc0241cfd2615cb9bffbf7cceb
  languageName: node
  linkType: hard

"path-key@npm:^3.1.0":
  version: 3.1.1
  resolution: "path-key@npm:3.1.1"
  checksum: 10c0/748c43efd5a569c039d7a00a03b58eecd1d75f3999f5a28303d75f521288df4823bc057d8784eb72358b2895a05f29a070bc9f1f17d28226cc4e62494cc58c4c
  languageName: node
  linkType: hard

"picomatch@npm:^4.0.2":
  version: 4.0.3
  resolution: "picomatch@npm:4.0.3"
  checksum: 10c0/9582c951e95eebee5434f59e426cddd228a7b97a0161a375aed4be244bd3fe8e3a31b846808ea14ef2c8a2527a6eeab7b3946a67d5979e81694654f939473ae2
  languageName: node
  linkType: hard

"pidtree@npm:^0.6.0":
  version: 0.6.0
  resolution: "pidtree@npm:0.6.0"
  bin:
    pidtree: bin/pidtree.js
  checksum: 10c0/0829ec4e9209e230f74ebf4265f5ccc9ebfb488334b525cb13f86ff801dca44b362c41252cd43ae4d7653a10a5c6ab3be39d2c79064d6895e0d78dc50a5ed6e9
  languageName: node
  linkType: hard

"read-package-json-fast@npm:^4.0.0":
  version: 4.0.0
  resolution: "read-package-json-fast@npm:4.0.0"
  dependencies:
    json-parse-even-better-errors: "npm:^4.0.0"
    npm-normalize-package-bin: "npm:^4.0.0"
  checksum: 10c0/8a03509ae8e852f1abc4b109c1be571dd90ac9ea65d55433b2fe287e409113441a9b00df698288fe48aa786c1a2550569d47b5ab01ed83ada073d691d5aff582
  languageName: node
  linkType: hard

"root-workspace-0b6124@workspace:.":
  version: 0.0.0-use.local
  resolution: "root-workspace-0b6124@workspace:."
  dependencies:
    "@captive/commitlint-config": "npm:2.1.15"
    npm-run-all2: "npm:8.0.4"
  languageName: unknown
  linkType: soft

"shebang-command@npm:^2.0.0":
  version: 2.0.0
  resolution: "shebang-command@npm:2.0.0"
  dependencies:
    shebang-regex: "npm:^3.0.0"
  checksum: 10c0/a41692e7d89a553ef21d324a5cceb5f686d1f3c040759c50aab69688634688c5c327f26f3ecf7001ebfd78c01f3c7c0a11a7c8bfd0a8bc9f6240d4f40b224e4e
  languageName: node
  linkType: hard

"shebang-regex@npm:^3.0.0":
  version: 3.0.0
  resolution: "shebang-regex@npm:3.0.0"
  checksum: 10c0/1dbed0726dd0e1152a92696c76c7f06084eb32a90f0528d11acd764043aacf76994b2fb30aa1291a21bd019d6699164d048286309a278855ee7bec06cf6fb690
  languageName: node
  linkType: hard

"shell-quote@npm:^1.7.3":
  version: 1.8.3
  resolution: "shell-quote@npm:1.8.3"
  checksum: 10c0/bee87c34e1e986cfb4c30846b8e6327d18874f10b535699866f368ade11ea4ee45433d97bf5eada22c4320c27df79c3a6a7eb1bf3ecfc47f2c997d9e5e2672fd
  languageName: node
  linkType: hard

"undici-types@npm:~7.16.0":
  version: 7.16.0
  resolution: "undici-types@npm:7.16.0"
  checksum: 10c0/3033e2f2b5c9f1504bdc5934646cb54e37ecaca0f9249c983f7b1fc2e87c6d18399ebb05dc7fd5419e02b2e915f734d872a65da2e3eeed1813951c427d33cc9a
  languageName: node
  linkType: hard

"which@npm:^2.0.1":
  version: 2.0.2
  resolution: "which@npm:2.0.2"
  dependencies:
    isexe: "npm:^2.0.0"
  bin:
    node-which: ./bin/node-which
  checksum: 10c0/66522872a768b60c2a65a57e8ad184e5372f5b6a9ca6d5f033d4b0dc98aff63995655a7503b9c0a2598936f532120e81dd8cc155e2e92ed662a2b9377cc4374f
  languageName: node
  linkType: hard

"which@npm:^5.0.0":
  version: 5.0.0
  resolution: "which@npm:5.0.0"
  dependencies:
    isexe: "npm:^3.1.1"
  bin:
    node-which: bin/which.js
  checksum: 10c0/e556e4cd8b7dbf5df52408c9a9dd5ac6518c8c5267c8953f5b0564073c66ed5bf9503b14d876d0e9c7844d4db9725fb0dcf45d6e911e17e26ab363dc3965ae7b
  languageName: node
  linkType: hard
