# This file is generated by running "yarn install" inside your project.
# Manual changes might be lost - proceed with caution!

__metadata:
  version: 8
  cacheKey: 10c0

"@captive/commitlint-config@npm:2.1.11":
  version: 2.1.11
  resolution: "@captive/commitlint-config@npm:2.1.11"
  dependencies:
    "@w5s/commitlint-config": "npm:^2.0.0"
  peerDependencies:
    "@commitlint/cli": ^16.0.0 || ^17.0.0 || ^18.0.0 || ^19.0.0
  peerDependenciesMeta:
    "@commitlint/cli":
      optional: true
  checksum: 10c0/ce6472120fe625e94533320f9463ab58c85587f4ecb9c80081a328cffa793d9437adb80107064390a9727771bb9b80d19244829985361f9f5fc30e6c28f45358
  languageName: node
  linkType: hard

"@commitlint/types@npm:^19.0.0":
  version: 19.5.0
  resolution: "@commitlint/types@npm:19.5.0"
  dependencies:
    "@types/conventional-commits-parser": "npm:^5.0.0"
    chalk: "npm:^5.3.0"
  checksum: 10c0/f4a93992f43b23cd5af200c69bb73227fdc0f78a6f7ebcda73dad10d558c1ac66ff164aa6dc3c2ddb322c9ed8b1a89b05f458e40d7c440a0358f435d2d71c2df
  languageName: node
  linkType: hard

"@types/conventional-commits-parser@npm:^5.0.0":
  version: 5.0.0
  resolution: "@types/conventional-commits-parser@npm:5.0.0"
  dependencies:
    "@types/node": "npm:*"
  checksum: 10c0/16c748ce01cb3b3ea5947950acd695569c0daa8da62cc7e0eb98b15c4d7f812f95c079fe2c853325509f8aa73cfd388390319ae4621c8dfb21eeacb63accdb25
  languageName: node
  linkType: hard

"@types/node@npm:*":
  version: 22.8.6
  resolution: "@types/node@npm:22.8.6"
  dependencies:
    undici-types: "npm:~6.19.8"
  checksum: 10c0/d3a11f2549234a91a4c5d0ff35ab4bdcb7ba34db4d3f1d189be39b8bd41c19aac98d117150a95a9c5a9d45b1014135477ea240b2b8317c86ae3d3cf1c3b3f8f4
  languageName: node
  linkType: hard

"@w5s/commitlint-config@npm:^2.0.0":
  version: 2.1.3
  resolution: "@w5s/commitlint-config@npm:2.1.3"
  dependencies:
    "@commitlint/types": "npm:^19.0.0"
    "@w5s/conventional-changelog": "npm:^2.1.3"
  peerDependencies:
    "@commitlint/cli": ^16.0.0 || ^17.0.0 || ^18.0.0 || ^19.0.0
  peerDependenciesMeta:
    "@commitlint/cli":
      optional: true
  checksum: 10c0/5800059d8becbb2e93a4413a93f7310ad7147fa263dd2ae8a2aebb3e42e556a844d19d72646bb2ad171131755c7cebfd2e195f9d2a44fa54dd54a7d3121d2431
  languageName: node
  linkType: hard

"@w5s/conventional-changelog@npm:^2.1.3":
  version: 2.1.3
  resolution: "@w5s/conventional-changelog@npm:2.1.3"
  dependencies:
    "@commitlint/types": "npm:^19.0.0"
    emoji-regex: "npm:^10.2.1"
    gitmojis: "npm:^3.13.4"
  checksum: 10c0/6fa06de817c63ea81c7e902ebf0026c1b4c3a74b1e17db9594ef1eed382778d421bc1ff91a46c26e4d3bef06ee27fa192028cfe6432abead2f209b6c53fe5ee5
  languageName: node
  linkType: hard

"ansi-styles@npm:^6.2.1":
  version: 6.2.1
  resolution: "ansi-styles@npm:6.2.1"
  checksum: 10c0/5d1ec38c123984bcedd996eac680d548f31828bd679a66db2bdf11844634dde55fec3efa9c6bb1d89056a5e79c1ac540c4c784d592ea1d25028a92227d2f2d5c
  languageName: node
  linkType: hard

"balanced-match@npm:^1.0.0":
  version: 1.0.2
  resolution: "balanced-match@npm:1.0.2"
  checksum: 10c0/9308baf0a7e4838a82bbfd11e01b1cb0f0cf2893bc1676c27c2a8c0e70cbae1c59120c3268517a8ae7fb6376b4639ef81ca22582611dbee4ed28df945134aaee
  languageName: node
  linkType: hard

"brace-expansion@npm:^2.0.1":
  version: 2.0.1
  resolution: "brace-expansion@npm:2.0.1"
  dependencies:
    balanced-match: "npm:^1.0.0"
  checksum: 10c0/b358f2fe060e2d7a87aa015979ecea07f3c37d4018f8d6deb5bd4c229ad3a0384fe6029bb76cd8be63c81e516ee52d1a0673edbe2023d53a5191732ae3c3e49f
  languageName: node
  linkType: hard

"chalk@npm:^5.3.0":
  version: 5.3.0
  resolution: "chalk@npm:5.3.0"
  checksum: 10c0/8297d436b2c0f95801103ff2ef67268d362021b8210daf8ddbe349695333eb3610a71122172ff3b0272f1ef2cf7cc2c41fdaa4715f52e49ffe04c56340feed09
  languageName: node
  linkType: hard

"cross-spawn@npm:^7.0.3":
  version: 7.0.3
  resolution: "cross-spawn@npm:7.0.3"
  dependencies:
    path-key: "npm:^3.1.0"
    shebang-command: "npm:^2.0.0"
    which: "npm:^2.0.1"
  checksum: 10c0/5738c312387081c98d69c98e105b6327b069197f864a60593245d64c8089c8a0a744e16349281210d56835bb9274130d825a78b2ad6853ca13cfbeffc0c31750
  languageName: node
  linkType: hard

"emoji-regex@npm:^10.2.1":
  version: 10.4.0
  resolution: "emoji-regex@npm:10.4.0"
  checksum: 10c0/a3fcedfc58bfcce21a05a5f36a529d81e88d602100145fcca3dc6f795e3c8acc4fc18fe773fbf9b6d6e9371205edb3afa2668ec3473fa2aa7fd47d2a9d46482d
  languageName: node
  linkType: hard

"gitmojis@npm:^3.13.4":
  version: 3.14.0
  resolution: "gitmojis@npm:3.14.0"
  checksum: 10c0/3204600ab8fed5791af9fdd08ecf844afb7adbb546c855d66e965afa64218c754940d70482d24786be6c36a364ba98c6001faf6f026eb9133169c70ea0cf3b62
  languageName: node
  linkType: hard

"isexe@npm:^2.0.0":
  version: 2.0.0
  resolution: "isexe@npm:2.0.0"
  checksum: 10c0/228cfa503fadc2c31596ab06ed6aa82c9976eec2bfd83397e7eaf06d0ccf42cd1dfd6743bf9aeb01aebd4156d009994c5f76ea898d2832c1fe342da923ca457d
  languageName: node
  linkType: hard

"isexe@npm:^3.1.1":
  version: 3.1.1
  resolution: "isexe@npm:3.1.1"
  checksum: 10c0/9ec257654093443eb0a528a9c8cbba9c0ca7616ccb40abd6dde7202734d96bb86e4ac0d764f0f8cd965856aacbff2f4ce23e730dc19dfb41e3b0d865ca6fdcc7
  languageName: node
  linkType: hard

"json-parse-even-better-errors@npm:^4.0.0":
  version: 4.0.0
  resolution: "json-parse-even-better-errors@npm:4.0.0"
  checksum: 10c0/84cd9304a97e8fb2af3937bf53acb91c026aeb859703c332684e688ea60db27fc2242aa532a84e1883fdcbe1e5c1fb57c2bef38e312021aa1cd300defc63cf16
  languageName: node
  linkType: hard

"memorystream@npm:^0.3.1":
  version: 0.3.1
  resolution: "memorystream@npm:0.3.1"
  checksum: 10c0/4bd164657711d9747ff5edb0508b2944414da3464b7fe21ac5c67cf35bba975c4b446a0124bd0f9a8be54cfc18faf92e92bd77563a20328b1ccf2ff04e9f39b9
  languageName: node
  linkType: hard

"minimatch@npm:^9.0.0":
  version: 9.0.5
  resolution: "minimatch@npm:9.0.5"
  dependencies:
    brace-expansion: "npm:^2.0.1"
  checksum: 10c0/de96cf5e35bdf0eab3e2c853522f98ffbe9a36c37797778d2665231ec1f20a9447a7e567cb640901f89e4daaa95ae5d70c65a9e8aa2bb0019b6facbc3c0575ed
  languageName: node
  linkType: hard

"npm-normalize-package-bin@npm:^4.0.0":
  version: 4.0.0
  resolution: "npm-normalize-package-bin@npm:4.0.0"
  checksum: 10c0/1fa546fcae8eaab61ef9b9ec237b6c795008da50e1883eae030e9e38bb04ffa32c5aabcef9a0400eae3dc1f91809bcfa85e437ce80d677c69b419d1d9cacf0ab
  languageName: node
  linkType: hard

"npm-run-all2@npm:7.0.1":
  version: 7.0.1
  resolution: "npm-run-all2@npm:7.0.1"
  dependencies:
    ansi-styles: "npm:^6.2.1"
    cross-spawn: "npm:^7.0.3"
    memorystream: "npm:^0.3.1"
    minimatch: "npm:^9.0.0"
    pidtree: "npm:^0.6.0"
    read-package-json-fast: "npm:^4.0.0"
    shell-quote: "npm:^1.7.3"
    which: "npm:^5.0.0"
  bin:
    npm-run-all: bin/npm-run-all/index.js
    npm-run-all2: bin/npm-run-all/index.js
    run-p: bin/run-p/index.js
    run-s: bin/run-s/index.js
  checksum: 10c0/1f2438341473280f7f55015f04a9c5bbbb3226e8235ef50811f50f98514f10ff2ac1640da592e0d5a2e6c7b95060e1bb1c7a86b5177fa746151912ac99a8f3b7
  languageName: node
  linkType: hard

"path-key@npm:^3.1.0":
  version: 3.1.1
  resolution: "path-key@npm:3.1.1"
  checksum: 10c0/748c43efd5a569c039d7a00a03b58eecd1d75f3999f5a28303d75f521288df4823bc057d8784eb72358b2895a05f29a070bc9f1f17d28226cc4e62494cc58c4c
  languageName: node
  linkType: hard

"pidtree@npm:^0.6.0":
  version: 0.6.0
  resolution: "pidtree@npm:0.6.0"
  bin:
    pidtree: bin/pidtree.js
  checksum: 10c0/0829ec4e9209e230f74ebf4265f5ccc9ebfb488334b525cb13f86ff801dca44b362c41252cd43ae4d7653a10a5c6ab3be39d2c79064d6895e0d78dc50a5ed6e9
  languageName: node
  linkType: hard

"read-package-json-fast@npm:^4.0.0":
  version: 4.0.0
  resolution: "read-package-json-fast@npm:4.0.0"
  dependencies:
    json-parse-even-better-errors: "npm:^4.0.0"
    npm-normalize-package-bin: "npm:^4.0.0"
  checksum: 10c0/8a03509ae8e852f1abc4b109c1be571dd90ac9ea65d55433b2fe287e409113441a9b00df698288fe48aa786c1a2550569d47b5ab01ed83ada073d691d5aff582
  languageName: node
  linkType: hard

"root-workspace-0b6124@workspace:.":
  version: 0.0.0-use.local
  resolution: "root-workspace-0b6124@workspace:."
  dependencies:
    "@captive/commitlint-config": "npm:2.1.11"
    npm-run-all2: "npm:7.0.1"
  languageName: unknown
  linkType: soft

"shebang-command@npm:^2.0.0":
  version: 2.0.0
  resolution: "shebang-command@npm:2.0.0"
  dependencies:
    shebang-regex: "npm:^3.0.0"
  checksum: 10c0/a41692e7d89a553ef21d324a5cceb5f686d1f3c040759c50aab69688634688c5c327f26f3ecf7001ebfd78c01f3c7c0a11a7c8bfd0a8bc9f6240d4f40b224e4e
  languageName: node
  linkType: hard

"shebang-regex@npm:^3.0.0":
  version: 3.0.0
  resolution: "shebang-regex@npm:3.0.0"
  checksum: 10c0/1dbed0726dd0e1152a92696c76c7f06084eb32a90f0528d11acd764043aacf76994b2fb30aa1291a21bd019d6699164d048286309a278855ee7bec06cf6fb690
  languageName: node
  linkType: hard

"shell-quote@npm:^1.7.3":
  version: 1.8.1
  resolution: "shell-quote@npm:1.8.1"
  checksum: 10c0/8cec6fd827bad74d0a49347057d40dfea1e01f12a6123bf82c4649f3ef152fc2bc6d6176e6376bffcd205d9d0ccb4f1f9acae889384d20baff92186f01ea455a
  languageName: node
  linkType: hard

"undici-types@npm:~6.19.8":
  version: 6.19.8
  resolution: "undici-types@npm:6.19.8"
  checksum: 10c0/078afa5990fba110f6824823ace86073b4638f1d5112ee26e790155f481f2a868cc3e0615505b6f4282bdf74a3d8caad715fd809e870c2bb0704e3ea6082f344
  languageName: node
  linkType: hard

"which@npm:^2.0.1":
  version: 2.0.2
  resolution: "which@npm:2.0.2"
  dependencies:
    isexe: "npm:^2.0.0"
  bin:
    node-which: ./bin/node-which
  checksum: 10c0/66522872a768b60c2a65a57e8ad184e5372f5b6a9ca6d5f033d4b0dc98aff63995655a7503b9c0a2598936f532120e81dd8cc155e2e92ed662a2b9377cc4374f
  languageName: node
  linkType: hard

"which@npm:^5.0.0":
  version: 5.0.0
  resolution: "which@npm:5.0.0"
  dependencies:
    isexe: "npm:^3.1.1"
  bin:
    node-which: bin/which.js
  checksum: 10c0/e556e4cd8b7dbf5df52408c9a9dd5ac6518c8c5267c8953f5b0564073c66ed5bf9503b14d876d0e9c7844d4db9725fb0dcf45d6e911e17e26ab363dc3965ae7b
  languageName: node
  linkType: hard
