# This file is generated by running "yarn install" inside your project.
# Manual changes might be lost - proceed with caution!

__metadata:
  version: 8
  cacheKey: 10c0

"@captive/commitlint-config@npm:2.1.15":
  version: 2.1.15
  resolution: "@captive/commitlint-config@npm:2.1.15"
  dependencies:
    "@w5s/commitlint-config": "npm:^2.0.0"
  peerDependencies:
    "@commitlint/cli": ^16.0.0 || ^17.0.0 || ^18.0.0 || ^19.0.0
  peerDependenciesMeta:
    "@commitlint/cli":
      optional: true
  checksum: 10c0/3432c4c4718e3fa0798fce115ab8750502e8ae0f441dc0c900c794419e3f0a4ac56ccfc3e00db17360db5d72baf7f19c2ab21518128f97d736a98b514192fd28
  languageName: node
  linkType: hard

"@commitlint/types@npm:^19.0.0":
  version: 19.8.0
  resolution: "@commitlint/types@npm:19.8.0"
  dependencies:
    "@types/conventional-commits-parser": "npm:^5.0.0"
    chalk: "npm:^5.3.0"
  checksum: 10c0/634a5db20110675da8ddf226f200c33f262c6e99d06853fd4a2f6d543e6cc7dfe48b045f7ae76bcce2e39595099bfebe6a5dd6da37ff2968733c1263b8d46644
  languageName: node
  linkType: hard

"@types/conventional-commits-parser@npm:^5.0.0":
  version: 5.0.1
  resolution: "@types/conventional-commits-parser@npm:5.0.1"
  dependencies:
    "@types/node": "npm:*"
  checksum: 10c0/4b7b561f195f779d07f973801a9f15d77cd58ceb67e817459688b11cc735288d30de050f445c91f4cd2c007fa86824e59a6e3cde602d150b828c4474f6e67be5
  languageName: node
  linkType: hard

"@types/node@npm:*":
  version: 22.13.10
  resolution: "@types/node@npm:22.13.10"
  dependencies:
    undici-types: "npm:~6.20.0"
  checksum: 10c0/a3865f9503d6f718002374f7b87efaadfae62faa499c1a33b12c527cfb9fd86f733e1a1b026b80c5a0e4a965701174bc3305595a7d36078aa1abcf09daa5dee9
  languageName: node
  linkType: hard

"@w5s/commitlint-config@npm:^2.0.0":
  version: 2.1.9
  resolution: "@w5s/commitlint-config@npm:2.1.9"
  dependencies:
    "@commitlint/types": "npm:^19.0.0"
    "@w5s/conventional-changelog": "npm:^2.2.2"
  peerDependencies:
    "@commitlint/cli": ^16.0.0 || ^17.0.0 || ^18.0.0 || ^19.0.0
  peerDependenciesMeta:
    "@commitlint/cli":
      optional: true
  checksum: 10c0/a58814b15dbf61d78e72fcf824c83b57e54e2e117fb7e347bb6fe37d4b4eede5da14d4a6b1b1531e11249dd32258ca30cf78f3584fa871e917c43d9d3b82c676
  languageName: node
  linkType: hard

"@w5s/conventional-changelog@npm:^2.2.2":
  version: 2.2.2
  resolution: "@w5s/conventional-changelog@npm:2.2.2"
  dependencies:
    "@commitlint/types": "npm:^19.0.0"
    emoji-regex: "npm:^10.2.1"
    gitmojis: "npm:^3.13.4"
  checksum: 10c0/ef64f70121bcb0c5b0f345c68fa196f3fffce94c2ff32cd80580b501a1cb6c6ced4ff1caba891818b05a12c2e5eb85adf0f0e25d552c749ae699b717d0d1e886
  languageName: node
  linkType: hard

"ansi-styles@npm:^6.2.1":
  version: 6.2.1
  resolution: "ansi-styles@npm:6.2.1"
  checksum: 10c0/5d1ec38c123984bcedd996eac680d548f31828bd679a66db2bdf11844634dde55fec3efa9c6bb1d89056a5e79c1ac540c4c784d592ea1d25028a92227d2f2d5c
  languageName: node
  linkType: hard

"balanced-match@npm:^1.0.0":
  version: 1.0.2
  resolution: "balanced-match@npm:1.0.2"
  checksum: 10c0/9308baf0a7e4838a82bbfd11e01b1cb0f0cf2893bc1676c27c2a8c0e70cbae1c59120c3268517a8ae7fb6376b4639ef81ca22582611dbee4ed28df945134aaee
  languageName: node
  linkType: hard

"brace-expansion@npm:^2.0.1":
  version: 2.0.1
  resolution: "brace-expansion@npm:2.0.1"
  dependencies:
    balanced-match: "npm:^1.0.0"
  checksum: 10c0/b358f2fe060e2d7a87aa015979ecea07f3c37d4018f8d6deb5bd4c229ad3a0384fe6029bb76cd8be63c81e516ee52d1a0673edbe2023d53a5191732ae3c3e49f
  languageName: node
  linkType: hard

"chalk@npm:^5.3.0":
  version: 5.4.1
  resolution: "chalk@npm:5.4.1"
  checksum: 10c0/b23e88132c702f4855ca6d25cb5538b1114343e41472d5263ee8a37cccfccd9c4216d111e1097c6a27830407a1dc81fecdf2a56f2c63033d4dbbd88c10b0dcef
  languageName: node
  linkType: hard

"cross-spawn@npm:^7.0.6":
  version: 7.0.6
  resolution: "cross-spawn@npm:7.0.6"
  dependencies:
    path-key: "npm:^3.1.0"
    shebang-command: "npm:^2.0.0"
    which: "npm:^2.0.1"
  checksum: 10c0/053ea8b2135caff68a9e81470e845613e374e7309a47731e81639de3eaeb90c3d01af0e0b44d2ab9d50b43467223b88567dfeb3262db942dc063b9976718ffc1
  languageName: node
  linkType: hard

"emoji-regex@npm:^10.2.1":
  version: 10.4.0
  resolution: "emoji-regex@npm:10.4.0"
  checksum: 10c0/a3fcedfc58bfcce21a05a5f36a529d81e88d602100145fcca3dc6f795e3c8acc4fc18fe773fbf9b6d6e9371205edb3afa2668ec3473fa2aa7fd47d2a9d46482d
  languageName: node
  linkType: hard

"gitmojis@npm:^3.13.4":
  version: 3.15.0
  resolution: "gitmojis@npm:3.15.0"
  checksum: 10c0/87b3dfd803556f3ae7e96c9130acd132a13a6695bbd7e6c32a582844f43002e70668e88b7e71ac51f9b45765468fd535bd29fb01c8593204f03398bf7b6934a5
  languageName: node
  linkType: hard

"isexe@npm:^2.0.0":
  version: 2.0.0
  resolution: "isexe@npm:2.0.0"
  checksum: 10c0/228cfa503fadc2c31596ab06ed6aa82c9976eec2bfd83397e7eaf06d0ccf42cd1dfd6743bf9aeb01aebd4156d009994c5f76ea898d2832c1fe342da923ca457d
  languageName: node
  linkType: hard

"isexe@npm:^3.1.1":
  version: 3.1.1
  resolution: "isexe@npm:3.1.1"
  checksum: 10c0/9ec257654093443eb0a528a9c8cbba9c0ca7616ccb40abd6dde7202734d96bb86e4ac0d764f0f8cd965856aacbff2f4ce23e730dc19dfb41e3b0d865ca6fdcc7
  languageName: node
  linkType: hard

"json-parse-even-better-errors@npm:^4.0.0":
  version: 4.0.0
  resolution: "json-parse-even-better-errors@npm:4.0.0"
  checksum: 10c0/84cd9304a97e8fb2af3937bf53acb91c026aeb859703c332684e688ea60db27fc2242aa532a84e1883fdcbe1e5c1fb57c2bef38e312021aa1cd300defc63cf16
  languageName: node
  linkType: hard

"memorystream@npm:^0.3.1":
  version: 0.3.1
  resolution: "memorystream@npm:0.3.1"
  checksum: 10c0/4bd164657711d9747ff5edb0508b2944414da3464b7fe21ac5c67cf35bba975c4b446a0124bd0f9a8be54cfc18faf92e92bd77563a20328b1ccf2ff04e9f39b9
  languageName: node
  linkType: hard

"minimatch@npm:^9.0.0":
  version: 9.0.5
  resolution: "minimatch@npm:9.0.5"
  dependencies:
    brace-expansion: "npm:^2.0.1"
  checksum: 10c0/de96cf5e35bdf0eab3e2c853522f98ffbe9a36c37797778d2665231ec1f20a9447a7e567cb640901f89e4daaa95ae5d70c65a9e8aa2bb0019b6facbc3c0575ed
  languageName: node
  linkType: hard

"npm-normalize-package-bin@npm:^4.0.0":
  version: 4.0.0
  resolution: "npm-normalize-package-bin@npm:4.0.0"
  checksum: 10c0/1fa546fcae8eaab61ef9b9ec237b6c795008da50e1883eae030e9e38bb04ffa32c5aabcef9a0400eae3dc1f91809bcfa85e437ce80d677c69b419d1d9cacf0ab
  languageName: node
  linkType: hard

"npm-run-all2@npm:7.0.2":
  version: 7.0.2
  resolution: "npm-run-all2@npm:7.0.2"
  dependencies:
    ansi-styles: "npm:^6.2.1"
    cross-spawn: "npm:^7.0.6"
    memorystream: "npm:^0.3.1"
    minimatch: "npm:^9.0.0"
    pidtree: "npm:^0.6.0"
    read-package-json-fast: "npm:^4.0.0"
    shell-quote: "npm:^1.7.3"
    which: "npm:^5.0.0"
  bin:
    npm-run-all: bin/npm-run-all/index.js
    npm-run-all2: bin/npm-run-all/index.js
    run-p: bin/run-p/index.js
    run-s: bin/run-s/index.js
  checksum: 10c0/4606c0cdaad9dc7dbe5a6ae432b1aabea25e2ffd541f959307e5c34247d0658952f98352b8ce45f925241af304c6718b2198b425f234e0e9fbc30b342cedb121
  languageName: node
  linkType: hard

"path-key@npm:^3.1.0":
  version: 3.1.1
  resolution: "path-key@npm:3.1.1"
  checksum: 10c0/748c43efd5a569c039d7a00a03b58eecd1d75f3999f5a28303d75f521288df4823bc057d8784eb72358b2895a05f29a070bc9f1f17d28226cc4e62494cc58c4c
  languageName: node
  linkType: hard

"pidtree@npm:^0.6.0":
  version: 0.6.0
  resolution: "pidtree@npm:0.6.0"
  bin:
    pidtree: bin/pidtree.js
  checksum: 10c0/0829ec4e9209e230f74ebf4265f5ccc9ebfb488334b525cb13f86ff801dca44b362c41252cd43ae4d7653a10a5c6ab3be39d2c79064d6895e0d78dc50a5ed6e9
  languageName: node
  linkType: hard

"read-package-json-fast@npm:^4.0.0":
  version: 4.0.0
  resolution: "read-package-json-fast@npm:4.0.0"
  dependencies:
    json-parse-even-better-errors: "npm:^4.0.0"
    npm-normalize-package-bin: "npm:^4.0.0"
  checksum: 10c0/8a03509ae8e852f1abc4b109c1be571dd90ac9ea65d55433b2fe287e409113441a9b00df698288fe48aa786c1a2550569d47b5ab01ed83ada073d691d5aff582
  languageName: node
  linkType: hard

"root-workspace-0b6124@workspace:.":
  version: 0.0.0-use.local
  resolution: "root-workspace-0b6124@workspace:."
  dependencies:
    "@captive/commitlint-config": "npm:2.1.15"
    npm-run-all2: "npm:7.0.2"
  languageName: unknown
  linkType: soft

"shebang-command@npm:^2.0.0":
  version: 2.0.0
  resolution: "shebang-command@npm:2.0.0"
  dependencies:
    shebang-regex: "npm:^3.0.0"
  checksum: 10c0/a41692e7d89a553ef21d324a5cceb5f686d1f3c040759c50aab69688634688c5c327f26f3ecf7001ebfd78c01f3c7c0a11a7c8bfd0a8bc9f6240d4f40b224e4e
  languageName: node
  linkType: hard

"shebang-regex@npm:^3.0.0":
  version: 3.0.0
  resolution: "shebang-regex@npm:3.0.0"
  checksum: 10c0/1dbed0726dd0e1152a92696c76c7f06084eb32a90f0528d11acd764043aacf76994b2fb30aa1291a21bd019d6699164d048286309a278855ee7bec06cf6fb690
  languageName: node
  linkType: hard

"shell-quote@npm:^1.7.3":
  version: 1.8.2
  resolution: "shell-quote@npm:1.8.2"
  checksum: 10c0/85fdd44f2ad76e723d34eb72c753f04d847ab64e9f1f10677e3f518d0e5b0752a176fd805297b30bb8c3a1556ebe6e77d2288dbd7b7b0110c7e941e9e9c20ce1
  languageName: node
  linkType: hard

"undici-types@npm:~6.20.0":
  version: 6.20.0
  resolution: "undici-types@npm:6.20.0"
  checksum: 10c0/68e659a98898d6a836a9a59e6adf14a5d799707f5ea629433e025ac90d239f75e408e2e5ff086afc3cace26f8b26ee52155293564593fbb4a2f666af57fc59bf
  languageName: node
  linkType: hard

"which@npm:^2.0.1":
  version: 2.0.2
  resolution: "which@npm:2.0.2"
  dependencies:
    isexe: "npm:^2.0.0"
  bin:
    node-which: ./bin/node-which
  checksum: 10c0/66522872a768b60c2a65a57e8ad184e5372f5b6a9ca6d5f033d4b0dc98aff63995655a7503b9c0a2598936f532120e81dd8cc155e2e92ed662a2b9377cc4374f
  languageName: node
  linkType: hard

"which@npm:^5.0.0":
  version: 5.0.0
  resolution: "which@npm:5.0.0"
  dependencies:
    isexe: "npm:^3.1.1"
  bin:
    node-which: bin/which.js
  checksum: 10c0/e556e4cd8b7dbf5df52408c9a9dd5ac6518c8c5267c8953f5b0564073c66ed5bf9503b14d876d0e9c7844d4db9725fb0dcf45d6e911e17e26ab363dc3965ae7b
  languageName: node
  linkType: hard
